
Microsoft Visual Studio Solution File, Format Version 12.00
# Visual Studio Version 17
VisualStudioVersion = 17.10.35013.160
MinimumVisualStudioVersion = 10.0.40219.1
Project("{FAE04EC0-301F-11D3-BF4B-00C04F79EFBC}") = "Maui iOS Image Issue", "Maui iOS Image Issue\Maui iOS Image Issue.csproj", "{D470F692-1DDF-4560-99C6-F70F964FA020}"
EndProject
Global
	GlobalSection(SolutionConfigurationPlatforms) = preSolution
		Debug|Any CPU = Debug|Any CPU
		Release|Any CPU = Release|Any CPU
	EndGlobalSection
	GlobalSection(ProjectConfigurationPlatforms) = postSolution
		{D470F692-1DDF-4560-99C6-F70F964FA020}.Debug|Any CPU.ActiveCfg = Debug|Any CPU
		{D470F692-1DDF-4560-99C6-F70F964FA020}.Debug|Any CPU.Build.0 = Debug|Any CPU
		{D470F692-1DDF-4560-99C6-F70F964FA020}.Debug|Any CPU.Deploy.0 = Debug|Any CPU
		{D470F692-1DDF-4560-99C6-F70F964FA020}.Release|Any CPU.ActiveCfg = Release|Any CPU
		{D470F692-1DDF-4560-99C6-F70F964FA020}.Release|Any CPU.Build.0 = Release|Any CPU
		{D470F692-1DDF-4560-99C6-F70F964FA020}.Release|Any CPU.Deploy.0 = Release|Any CPU
	EndGlobalSection
	GlobalSection(SolutionProperties) = preSolution
		HideSolutionNode = FALSE
	EndGlobalSection
	GlobalSection(ExtensibilityGlobals) = postSolution
		SolutionGuid = {23DB30A8-C4E1-45EC-9BA0-4E5E90C171B4}
	EndGlobalSection
EndGlobal
